# This file is automatically @generated by Cargo.
# It is not intended for manual editing.
version = 3

[[package]]
name = "indextree"
version = "4.4.0"
source = "registry+https://github.com/rust-lang/crates.io-index"
checksum = "42b4b46b3311ebd8e5cd44f6b03b36e0f48a70552cf6b036afcebc5626794066"

[[package]]
name = "rust"
version = "0.1.0"
dependencies = [
 "indextree",
]
